Microsoft Visual Studio Solution File, Format Version 12.00
# Visual Studio Version 17
VisualStudioVersion = 17.6.33723.286
MinimumVisualStudioVersion = 10.0.40219.1
Project("{9A19103F-16F7-4668-BE54-9A1E7A4F7556}") = "AvaloniaConsoleTest", "AvaloniaConsoleTest\AvaloniaConsoleTest.csproj", "{F35A08B2-B913-4DFD-A871-53B4E618784F}"
EndProject
Global
	GlobalSection(SolutionConfigurationPlatforms) = preSolution
		Debug|Any CPU = Debug|Any CPU
		Release|Any CPU = Release|Any CPU
	EndGlobalSection
	GlobalSection(ProjectConfigurationPlatforms) = postSolution
		{F35A08B2-B913-4DFD-A871-53B4E618784F}.Debug|Any CPU.ActiveCfg = Debug|Any CPU
		{F35A08B2-B913-4DFD-A871-53B4E618784F}.Debug|Any CPU.Build.0 = Debug|Any CPU
		{F35A08B2-B913-4DFD-A871-53B4E618784F}.Release|Any CPU.ActiveCfg = Release|Any CPU
		{F35A08B2-B913-4DFD-A871-53B4E618784F}.Release|Any CPU.Build.0 = Release|Any CPU
	EndGlobalSection
	GlobalSection(SolutionProperties) = preSolution
		HideSolutionNode = FALSE
	EndGlobalSection
	GlobalSection(ExtensibilityGlobals) = postSolution
		SolutionGuid = {FDFC0876-242B-478A-AA89-6F5C98A5B8D7}
	EndGlobalSection
EndGlobal
