
Microsoft Visual Studio Solution File, Format Version 12.00
# Visual Studio Version 17
VisualStudioVersion = 17.6.33723.286
MinimumVisualStudioVersion = 10.0.40219.1
Project("{FAE04EC0-301F-11D3-BF4B-00C04F79EFBC}") = "AvaloniaConsoleTest", "AvaloniaConsoleTest\AvaloniaConsoleTest.csproj", "{5ACA5639-02A3-4379-8487-8DDD042ED237}"
EndProject
Global
	GlobalSection(SolutionConfigurationPlatforms) = preSolution
		Debug|Any CPU = Debug|Any CPU
		Release|Any CPU = Release|Any CPU
	EndGlobalSection
	GlobalSection(ProjectConfigurationPlatforms) = postSolution
		{5ACA5639-02A3-4379-8487-8DDD042ED237}.Debug|Any CPU.ActiveCfg = Debug|Any CPU
		{5ACA5639-02A3-4379-8487-8DDD042ED237}.Debug|Any CPU.Build.0 = Debug|Any CPU
		{5ACA5639-02A3-4379-8487-8DDD042ED237}.Release|Any CPU.ActiveCfg = Release|Any CPU
		{5ACA5639-02A3-4379-8487-8DDD042ED237}.Release|Any CPU.Build.0 = Release|Any CPU
	EndGlobalSection
	GlobalSection(SolutionProperties) = preSolution
		HideSolutionNode = FALSE
	EndGlobalSection
	GlobalSection(ExtensibilityGlobals) = postSolution
		SolutionGuid = {FDFC0876-242B-478A-AA89-6F5C98A5B8D7}
	EndGlobalSection
EndGlobal
